
Microsoft Visual Studio Solution File, Format Version 12.00
# Visual Studio Version 16
VisualStudioVersion = 16.0.30330.147
MinimumVisualStudioVersion = 10.0.40219.1
Project("{FAE04EC0-301F-11D3-BF4B-00C04F79EFBC}") = "Assignment3-Github", "Assignment3-Github\Assignment3-Github.csproj", "{2D2FE24E-F3FE-4392-B62F-617BE31D2010}"
EndProject
Global
	GlobalSection(SolutionConfigurationPlatforms) = preSolution
		Debug|Any CPU = Debug|Any CPU
		Release|Any CPU = Release|Any CPU
	EndGlobalSection
	GlobalSection(ProjectConfigurationPlatforms) = postSolution
		{2D2FE24E-F3FE-4392-B62F-617BE31D2010}.Debug|Any CPU.ActiveCfg = Debug|Any CPU
		{2D2FE24E-F3FE-4392-B62F-617BE31D2010}.Debug|Any CPU.Build.0 = Debug|Any CPU
		{2D2FE24E-F3FE-4392-B62F-617BE31D2010}.Release|Any CPU.ActiveCfg = Release|Any CPU
		{2D2FE24E-F3FE-4392-B62F-617BE31D2010}.Release|Any CPU.Build.0 = Release|Any CPU
	EndGlobalSection
	GlobalSection(SolutionProperties) = preSolution
		HideSolutionNode = FALSE
	EndGlobalSection
	GlobalSection(ExtensibilityGlobals) = postSolution
		SolutionGuid = {D7DE0C02-9D97-481A-B75E-C679C04AF6DB}
	EndGlobalSection
EndGlobal
